
Microsoft Visual Studio Solution File, Format Version 12.00
# Visual Studio 14
VisualStudioVersion = 14.0.25420.1
MinimumVisualStudioVersion = 10.0.40219.1
Project("{FAE04EC0-301F-11D3-BF4B-00C04F79EFBC}") = "SrcChess2", "SrcChess2\SrcChess2.csproj", "{03A60417-80E2-4587-817D-1C581427E2B1}"
EndProject
Global
	GlobalSection(SolutionConfigurationPlatforms) = preSolution
		Debug|Mixed Platforms = Debug|Mixed Platforms
		Debug|x86 = Debug|x86
		Release|Mixed Platforms = Release|Mixed Platforms
		Release|x86 = Release|x86
	EndGlobalSection
	GlobalSection(ProjectConfigurationPlatforms) = postSolution
		{03A60417-80E2-4587-817D-1C581427E2B1}.Debug|Mixed Platforms.ActiveCfg = Debug|x86
		{03A60417-80E2-4587-817D-1C581427E2B1}.Debug|Mixed Platforms.Build.0 = Debug|x86
		{03A60417-80E2-4587-817D-1C581427E2B1}.Debug|x86.ActiveCfg = Debug|x86
		{03A60417-80E2-4587-817D-1C581427E2B1}.Debug|x86.Build.0 = Debug|x86
		{03A60417-80E2-4587-817D-1C581427E2B1}.Release|Mixed Platforms.ActiveCfg = Release|x86
		{03A60417-80E2-4587-817D-1C581427E2B1}.Release|Mixed Platforms.Build.0 = Release|x86
		{03A60417-80E2-4587-817D-1C581427E2B1}.Release|x86.ActiveCfg = Release|x86
		{03A60417-80E2-4587-817D-1C581427E2B1}.Release|x86.Build.0 = Release|x86
	EndGlobalSection
	GlobalSection(SolutionProperties) = preSolution
		HideSolutionNode = FALSE
	EndGlobalSection
EndGlobal
